
Microsoft Visual Studio Solution File, Format Version 12.00
# Visual Studio Version 16
VisualStudioVersion = 16.0.30611.23
MinimumVisualStudioVersion = 10.0.40219.1
Project("{FAE04EC0-301F-11D3-BF4B-00C04F79EFBC}") = "Inignoto", "Inignoto\Inignoto.csproj", "{EAE2C832-110C-4D25-8788-2CFEEA4648D7}"
EndProject
Global
	GlobalSection(SolutionConfigurationPlatforms) = preSolution
		Debug|Any CPU = Debug|Any CPU
		Release|Any CPU = Release|Any CPU
	EndGlobalSection
	GlobalSection(ProjectConfigurationPlatforms) = postSolution
		{EAE2C832-110C-4D25-8788-2CFEEA4648D7}.Debug|Any CPU.ActiveCfg = Debug|Any CPU
		{EAE2C832-110C-4D25-8788-2CFEEA4648D7}.Debug|Any CPU.Build.0 = Debug|Any CPU
		{EAE2C832-110C-4D25-8788-2CFEEA4648D7}.Release|Any CPU.ActiveCfg = Release|Any CPU
		{EAE2C832-110C-4D25-8788-2CFEEA4648D7}.Release|Any CPU.Build.0 = Release|Any CPU
	EndGlobalSection
	GlobalSection(SolutionProperties) = preSolution
		HideSolutionNode = FALSE
	EndGlobalSection
	GlobalSection(ExtensibilityGlobals) = postSolution
		SolutionGuid = {7206F59B-F9A3-4E3E-A5B1-C1277F17770B}
	EndGlobalSection
EndGlobal
